Microsoft Visual Studio Solution File, Format Version 12.00
# Visual Studio 2013
VisualStudioVersion = 12.0.40629.0
MinimumVisualStudioVersion = 10.0.40219.1
Project("{8BC9CEB8-8B4A-11D0-8D11-00A0C91BC942}") = "simri3d", "simri3d.vcxproj", "{FA5DD40D-9BCB-472A-A791-28FC279C10E1}"
EndProject
Project("{8BC9CEB8-8B4A-11D0-8D11-00A0C91BC942}") = "libidolite", "libidolite.vcxproj", "{EB92D794-7B02-43B1-AFB3-69C60A6E990F}"
EndProject
Project("{2150E333-8FDC-42A3-9474-1A3956D46DE8}") = ".nuget", ".nuget", "{4761C3BF-1DB0-4B2A-A510-02842BEB07AE}"
	ProjectSection(SolutionItems) = preProject
		.nuget\NuGet.Config = .nuget\NuGet.Config
		.nuget\NuGet.exe = .nuget\NuGet.exe
		.nuget\NuGet.targets = .nuget\NuGet.targets
	EndProjectSection
EndProject
Global
	GlobalSection(SolutionConfigurationPlatforms) = preSolution
		Debug|Win32 = Debug|Win32
		Release|Win32 = Release|Win32
	EndGlobalSection
	GlobalSection(ProjectConfigurationPlatforms) = postSolution
		{FA5DD40D-9BCB-472A-A791-28FC279C10E1}.Debug|Win32.ActiveCfg = Debug|Win32
		{FA5DD40D-9BCB-472A-A791-28FC279C10E1}.Debug|Win32.Build.0 = Debug|Win32
		{FA5DD40D-9BCB-472A-A791-28FC279C10E1}.Release|Win32.ActiveCfg = Release|Win32
		{FA5DD40D-9BCB-472A-A791-28FC279C10E1}.Release|Win32.Build.0 = Release|Win32
		{EB92D794-7B02-43B1-AFB3-69C60A6E990F}.Debug|Win32.ActiveCfg = Debug|Win32
		{EB92D794-7B02-43B1-AFB3-69C60A6E990F}.Debug|Win32.Build.0 = Debug|Win32
		{EB92D794-7B02-43B1-AFB3-69C60A6E990F}.Release|Win32.ActiveCfg = Release|Win32
		{EB92D794-7B02-43B1-AFB3-69C60A6E990F}.Release|Win32.Build.0 = Release|Win32
	EndGlobalSection
	GlobalSection(SolutionProperties) = preSolution
		HideSolutionNode = FALSE
	EndGlobalSection
EndGlobal
