<?xml version="1.0" encoding="utf-8"?>
<Project ToolsVersion="4.0" xmlns="http://schemas.microsoft.com/developer/msbuild/2003">
  <ItemGroup>
    <Filter Include="Source Files">
      <UniqueIdentifier>{4FC737F1-C7A5-4376-A066-2A32D752A2FF}</UniqueIdentifier>
      <Extensions>cpp;c;cxx;def;odl;idl;hpj;bat;asm;asmx</Extensions>
    </Filter>
    <Filter Include="Header Files">
      <UniqueIdentifier>{93995380-89BD-4b04-88EB-625FBE52EBFB}</UniqueIdentifier>
      <Extensions>h;hpp;hxx;hm;inl;inc;xsd</Extensions>
    </Filter>
    <Filter Include="Resource Files">
      <UniqueIdentifier>{67DA6AB6-F800-4c08-8B7A-83BB121AAD01}</UniqueIdentifier>
      <Extensions>rc;ico;cur;bmp;dlg;rc2;rct;bin;rgs;gif;jpg;jpeg;jpe;resx</Extensions>
    </Filter>
  </ItemGroup>
  <ItemGroup>
    <ClCompile Include="..\src\libido-lite\acrread.c">
      <Filter>Source Files</Filter>
    </ClCompile>
    <ClCompile Include="..\src\libido-lite\acrutil.c">
      <Filter>Source Files</Filter>
    </ClCompile>
    <ClCompile Include="..\src\libido-lite\acrwrite.c">
      <Filter>Source Files</Filter>
    </ClCompile>
    <ClCompile Include="..\src\libido-lite\arg.c">
      <Filter>Source Files</Filter>
    </ClCompile>
    <ClCompile Include="..\src\libido-lite\argexit.c">
      <Filter>Source Files</Filter>
    </ClCompile>
    <ClCompile Include="..\src\libido-lite\cntallo.c">
      <Filter>Source Files</Filter>
    </ClCompile>
    <ClCompile Include="..\src\libido-lite\cntcdg.c">
      <Filter>Source Files</Filter>
    </ClCompile>
    <ClCompile Include="..\src\libido-lite\cntfill.c">
      <Filter>Source Files</Filter>
    </ClCompile>
    <ClCompile Include="..\src\libido-lite\cntutil.c">
      <Filter>Source Files</Filter>
    </ClCompile>
    <ClCompile Include="..\src\libido-lite\dcmjpeg.c">
      <Filter>Source Files</Filter>
    </ClCompile>
    <ClCompile Include="..\src\libido-lite\dcmread.c">
      <Filter>Source Files</Filter>
    </ClCompile>
    <ClCompile Include="..\src\libido-lite\dcmutil.c">
      <Filter>Source Files</Filter>
    </ClCompile>
    <ClCompile Include="..\src\libido-lite\dicom.c">
      <Filter>Source Files</Filter>
    </ClCompile>
    <ClCompile Include="..\src\libido-lite\dyima.c">
      <Filter>Source Files</Filter>
    </ClCompile>
    <ClCompile Include="..\src\libido-lite\dyimawin32.c">
      <Filter>Source Files</Filter>
    </ClCompile>
    <ClCompile Include="..\src\libido-lite\dyimaxold.c">
      <Filter>Source Files</Filter>
    </ClCompile>
    <ClCompile Include="..\src\libido-lite\gdcmJpeg.c">
      <Filter>Source Files</Filter>
    </ClCompile>
    <ClCompile Include="..\src\libido-lite\imaallo.c">
      <Filter>Source Files</Filter>
    </ClCompile>
    <ClCompile Include="..\src\libido-lite\imabasic.c">
      <Filter>Source Files</Filter>
    </ClCompile>
    <ClCompile Include="..\src\libido-lite\imachekal.c">
      <Filter>Source Files</Filter>
    </ClCompile>
    <ClCompile Include="..\src\libido-lite\imaclear.c">
      <Filter>Source Files</Filter>
    </ClCompile>
    <ClCompile Include="..\src\libido-lite\imadrawline.c">
      <Filter>Source Files</Filter>
    </ClCompile>
    <ClCompile Include="..\src\libido-lite\imafill.c">
      <Filter>Source Files</Filter>
    </ClCompile>
    <ClCompile Include="..\src\libido-lite\imagette.c">
      <Filter>Source Files</Filter>
    </ClCompile>
    <ClCompile Include="..\src\libido-lite\imalabel.c">
      <Filter>Source Files</Filter>
    </ClCompile>
    <ClCompile Include="..\src\libido-lite\imamax.c">
      <Filter>Source Files</Filter>
    </ClCompile>
    <ClCompile Include="..\src\libido-lite\imapart.c">
      <Filter>Source Files</Filter>
    </ClCompile>
    <ClCompile Include="..\src\libido-lite\imawrf.c">
      <Filter>Source Files</Filter>
    </ClCompile>
    <ClCompile Include="..\src\libido-lite\imazoom.c">
      <Filter>Source Files</Filter>
    </ClCompile>
    <ClCompile Include="..\src\libido-lite\kererr.c">
      <Filter>Source Files</Filter>
    </ClCompile>
    <ClCompile Include="..\src\libido-lite\kerextern.c">
      <Filter>Source Files</Filter>
    </ClCompile>
    <ClCompile Include="..\src\libido-lite\kernomfic.c">
      <Filter>Source Files</Filter>
    </ClCompile>
    <ClCompile Include="..\src\libido-lite\kerprint.c">
      <Filter>Source Files</Filter>
    </ClCompile>
    <ClCompile Include="..\src\libido-lite\lstallo.c">
      <Filter>Source Files</Filter>
    </ClCompile>
    <ClCompile Include="..\src\libido-lite\lstbasic.c">
      <Filter>Source Files</Filter>
    </ClCompile>
    <ClCompile Include="..\src\libido-lite\seqallo.c">
      <Filter>Source Files</Filter>
    </ClCompile>
    <ClCompile Include="..\src\libido-lite\sigallo.c">
      <Filter>Source Files</Filter>
    </ClCompile>
    <ClCompile Include="..\src\libido-lite\sigfft.c">
      <Filter>Source Files</Filter>
    </ClCompile>
    <ClCompile Include="..\src\libido-lite\sigmm.c">
      <Filter>Source Files</Filter>
    </ClCompile>
    <ClCompile Include="..\src\libido-lite\sigpalet.c">
      <Filter>Source Files</Filter>
    </ClCompile>
    <ClCompile Include="..\src\libido-lite\sigtoima.c">
      <Filter>Source Files</Filter>
    </ClCompile>
    <ClCompile Include="..\src\libido-lite\sigwrf.c">
      <Filter>Source Files</Filter>
    </ClCompile>
    <ClCompile Include="..\src\libido-lite\str.c">
      <Filter>Source Files</Filter>
    </ClCompile>
    <ClCompile Include="..\src\libido-lite\strcomp.c">
      <Filter>Source Files</Filter>
    </ClCompile>
    <ClCompile Include="..\src\libido-lite\utilcalc.c">
      <Filter>Source Files</Filter>
    </ClCompile>
    <ClCompile Include="..\src\libido-lite\volallo.c">
      <Filter>Source Files</Filter>
    </ClCompile>
    <ClCompile Include="..\src\libido-lite\volfft.c">
      <Filter>Source Files</Filter>
    </ClCompile>
    <ClCompile Include="..\src\libido-lite\volmax.c">
      <Filter>Source Files</Filter>
    </ClCompile>
    <ClCompile Include="..\src\libido-lite\volmin.c">
      <Filter>Source Files</Filter>
    </ClCompile>
    <ClCompile Include="..\src\libido-lite\volrdf.c">
      <Filter>Source Files</Filter>
    </ClCompile>
    <ClCompile Include="..\src\libido-lite\volwrf.c">
      <Filter>Source Files</Filter>
    </ClCompile>
  </ItemGroup>
</Project>